
Microsoft Visual Studio Solution File, Format Version 12.00
# Visual Studio 2012
Project("{FAE04EC0-301F-11D3-BF4B-00C04F79EFBC}") = "ElRengar Revamped", "ElRengar Revamped\ElRengar Revamped.csproj", "{1B9CAC12-4AE8-4310-9045-39B81AB196CC}"
EndProject
Global
	GlobalSection(SolutionConfigurationPlatforms) = preSolution
		Debug|Any CPU = Debug|Any CPU
		Release|Any CPU = Release|Any CPU
	EndGlobalSection
	GlobalSection(ProjectConfigurationPlatforms) = postSolution
		{1B9CAC12-4AE8-4310-9045-39B81AB196CC}.Debug|Any CPU.ActiveCfg = Debug|Any CPU
		{1B9CAC12-4AE8-4310-9045-39B81AB196CC}.Debug|Any CPU.Build.0 = Debug|Any CPU
		{1B9CAC12-4AE8-4310-9045-39B81AB196CC}.Release|Any CPU.ActiveCfg = Release|Any CPU
		{1B9CAC12-4AE8-4310-9045-39B81AB196CC}.Release|Any CPU.Build.0 = Release|Any CPU
	EndGlobalSection
	GlobalSection(SolutionProperties) = preSolution
		HideSolutionNode = FALSE
	EndGlobalSection
EndGlobal
